
Microsoft Visual Studio Solution File, Format Version 12.00
# Visual Studio Version 17
VisualStudioVersion = 17.7.34202.233
MinimumVisualStudioVersion = 10.0.40219.1
Project("{FAE04EC0-301F-11D3-BF4B-00C04F79EFBC}") = "Proyecto4-Desafio1.2", "Proyecto4-Desafio1.2.csproj", "{C2086386-45B3-402C-9083-C94DEFA21617}"
EndProject
Global
	GlobalSection(SolutionConfigurationPlatforms) = preSolution
		Debug|Any CPU = Debug|Any CPU
		Release|Any CPU = Release|Any CPU
	EndGlobalSection
	GlobalSection(ProjectConfigurationPlatforms) = postSolution
		{C2086386-45B3-402C-9083-C94DEFA21617}.Debug|Any CPU.ActiveCfg = Debug|Any CPU
		{C2086386-45B3-402C-9083-C94DEFA21617}.Debug|Any CPU.Build.0 = Debug|Any CPU
		{C2086386-45B3-402C-9083-C94DEFA21617}.Release|Any CPU.ActiveCfg = Release|Any CPU
		{C2086386-45B3-402C-9083-C94DEFA21617}.Release|Any CPU.Build.0 = Release|Any CPU
	EndGlobalSection
	GlobalSection(SolutionProperties) = preSolution
		HideSolutionNode = FALSE
	EndGlobalSection
	GlobalSection(ExtensibilityGlobals) = postSolution
		SolutionGuid = {83399446-DD61-461F-AF36-2419091440FC}
	EndGlobalSection
EndGlobal
