
Microsoft Visual Studio Solution File, Format Version 12.00
# Visual Studio Version 17
VisualStudioVersion = 17.7.34202.233
MinimumVisualStudioVersion = 10.0.40219.1
Project("{FAE04EC0-301F-11D3-BF4B-00C04F79EFBC}") = "Proyecto3.2", "Proyecto3.2.csproj", "{99F17171-4CFD-46E4-A3BE-010D17407B52}"
EndProject
Global
	GlobalSection(SolutionConfigurationPlatforms) = preSolution
		Debug|Any CPU = Debug|Any CPU
		Release|Any CPU = Release|Any CPU
	EndGlobalSection
	GlobalSection(ProjectConfigurationPlatforms) = postSolution
		{99F17171-4CFD-46E4-A3BE-010D17407B52}.Debug|Any CPU.ActiveCfg = Debug|Any CPU
		{99F17171-4CFD-46E4-A3BE-010D17407B52}.Debug|Any CPU.Build.0 = Debug|Any CPU
		{99F17171-4CFD-46E4-A3BE-010D17407B52}.Release|Any CPU.ActiveCfg = Release|Any CPU
		{99F17171-4CFD-46E4-A3BE-010D17407B52}.Release|Any CPU.Build.0 = Release|Any CPU
	EndGlobalSection
	GlobalSection(SolutionProperties) = preSolution
		HideSolutionNode = FALSE
	EndGlobalSection
	GlobalSection(ExtensibilityGlobals) = postSolution
		SolutionGuid = {C5C93A40-FC43-4C7C-AB04-69C66CAA2CBC}
	EndGlobalSection
EndGlobal
