
Microsoft Visual Studio Solution File, Format Version 12.00
# Visual Studio Version 17
VisualStudioVersion = 17.7.34202.233
MinimumVisualStudioVersion = 10.0.40219.1
Project("{FAE04EC0-301F-11D3-BF4B-00C04F79EFBC}") = "Proyecto1-Parentesis-en-Cadena", "Proyecto1-Parentesis-en-Cadena.csproj", "{CB34A1C3-75C6-43BB-A187-618A79665BC9}"
EndProject
Global
	GlobalSection(SolutionConfigurationPlatforms) = preSolution
		Debug|Any CPU = Debug|Any CPU
		Release|Any CPU = Release|Any CPU
	EndGlobalSection
	GlobalSection(ProjectConfigurationPlatforms) = postSolution
		{CB34A1C3-75C6-43BB-A187-618A79665BC9}.Debug|Any CPU.ActiveCfg = Debug|Any CPU
		{CB34A1C3-75C6-43BB-A187-618A79665BC9}.Debug|Any CPU.Build.0 = Debug|Any CPU
		{CB34A1C3-75C6-43BB-A187-618A79665BC9}.Release|Any CPU.ActiveCfg = Release|Any CPU
		{CB34A1C3-75C6-43BB-A187-618A79665BC9}.Release|Any CPU.Build.0 = Release|Any CPU
	EndGlobalSection
	GlobalSection(SolutionProperties) = preSolution
		HideSolutionNode = FALSE
	EndGlobalSection
	GlobalSection(ExtensibilityGlobals) = postSolution
		SolutionGuid = {301D491C-3929-4686-B57A-EF61D68EC390}
	EndGlobalSection
EndGlobal
