
Microsoft Visual Studio Solution File, Format Version 12.00
# Visual Studio Version 17
VisualStudioVersion = 17.7.34202.233
MinimumVisualStudioVersion = 10.0.40219.1
Project("{FAE04EC0-301F-11D3-BF4B-00C04F79EFBC}") = "Video39", "Video39.csproj", "{638E5F72-2065-4B33-A2C7-3AB8834E7D0B}"
EndProject
Global
	GlobalSection(SolutionConfigurationPlatforms) = preSolution
		Debug|Any CPU = Debug|Any CPU
		Release|Any CPU = Release|Any CPU
	EndGlobalSection
	GlobalSection(ProjectConfigurationPlatforms) = postSolution
		{638E5F72-2065-4B33-A2C7-3AB8834E7D0B}.Debug|Any CPU.ActiveCfg = Debug|Any CPU
		{638E5F72-2065-4B33-A2C7-3AB8834E7D0B}.Debug|Any CPU.Build.0 = Debug|Any CPU
		{638E5F72-2065-4B33-A2C7-3AB8834E7D0B}.Release|Any CPU.ActiveCfg = Release|Any CPU
		{638E5F72-2065-4B33-A2C7-3AB8834E7D0B}.Release|Any CPU.Build.0 = Release|Any CPU
	EndGlobalSection
	GlobalSection(SolutionProperties) = preSolution
		HideSolutionNode = FALSE
	EndGlobalSection
	GlobalSection(ExtensibilityGlobals) = postSolution
		SolutionGuid = {191BDD66-5FE9-472F-A731-016E65E38187}
	EndGlobalSection
EndGlobal
