
Microsoft Visual Studio Solution File, Format Version 12.00
# Visual Studio Version 17
VisualStudioVersion = 17.7.34202.233
MinimumVisualStudioVersion = 10.0.40219.1
Project("{FAE04EC0-301F-11D3-BF4B-00C04F79EFBC}") = "Proyecto4.1", "Proyecto4.1.csproj", "{EB8EB5FA-3CE1-4689-B8CA-9B2DC496C798}"
EndProject
Global
	GlobalSection(SolutionConfigurationPlatforms) = preSolution
		Debug|Any CPU = Debug|Any CPU
		Release|Any CPU = Release|Any CPU
	EndGlobalSection
	GlobalSection(ProjectConfigurationPlatforms) = postSolution
		{EB8EB5FA-3CE1-4689-B8CA-9B2DC496C798}.Debug|Any CPU.ActiveCfg = Debug|Any CPU
		{EB8EB5FA-3CE1-4689-B8CA-9B2DC496C798}.Debug|Any CPU.Build.0 = Debug|Any CPU
		{EB8EB5FA-3CE1-4689-B8CA-9B2DC496C798}.Release|Any CPU.ActiveCfg = Release|Any CPU
		{EB8EB5FA-3CE1-4689-B8CA-9B2DC496C798}.Release|Any CPU.Build.0 = Release|Any CPU
	EndGlobalSection
	GlobalSection(SolutionProperties) = preSolution
		HideSolutionNode = FALSE
	EndGlobalSection
	GlobalSection(ExtensibilityGlobals) = postSolution
		SolutionGuid = {416D3BC1-42D6-4622-815B-BDB24428C216}
	EndGlobalSection
EndGlobal
