
Microsoft Visual Studio Solution File, Format Version 12.00
# Visual Studio Version 17
VisualStudioVersion = 17.7.34202.233
MinimumVisualStudioVersion = 10.0.40219.1
Project("{FAE04EC0-301F-11D3-BF4B-00C04F79EFBC}") = "Proyecto5-Depuracion", "Proyecto5-Depuracion.csproj", "{C7D09AEE-AFC5-44AB-919D-7C5939B01B63}"
EndProject
Global
	GlobalSection(SolutionConfigurationPlatforms) = preSolution
		Debug|Any CPU = Debug|Any CPU
		Release|Any CPU = Release|Any CPU
	EndGlobalSection
	GlobalSection(ProjectConfigurationPlatforms) = postSolution
		{C7D09AEE-AFC5-44AB-919D-7C5939B01B63}.Debug|Any CPU.ActiveCfg = Debug|Any CPU
		{C7D09AEE-AFC5-44AB-919D-7C5939B01B63}.Debug|Any CPU.Build.0 = Debug|Any CPU
		{C7D09AEE-AFC5-44AB-919D-7C5939B01B63}.Release|Any CPU.ActiveCfg = Release|Any CPU
		{C7D09AEE-AFC5-44AB-919D-7C5939B01B63}.Release|Any CPU.Build.0 = Release|Any CPU
	EndGlobalSection
	GlobalSection(SolutionProperties) = preSolution
		HideSolutionNode = FALSE
	EndGlobalSection
	GlobalSection(ExtensibilityGlobals) = postSolution
		SolutionGuid = {352AC128-F754-4C06-B487-B4E1750012B7}
	EndGlobalSection
EndGlobal
