
Microsoft Visual Studio Solution File, Format Version 12.00
# Visual Studio Version 17
VisualStudioVersion = 17.7.34202.233
MinimumVisualStudioVersion = 10.0.40219.1
Project("{FAE04EC0-301F-11D3-BF4B-00C04F79EFBC}") = "Proyecto5", "Proyecto5.csproj", "{6A45431A-B367-41F6-B455-7612ABEA4613}"
EndProject
Global
	GlobalSection(SolutionConfigurationPlatforms) = preSolution
		Debug|Any CPU = Debug|Any CPU
		Release|Any CPU = Release|Any CPU
	EndGlobalSection
	GlobalSection(ProjectConfigurationPlatforms) = postSolution
		{6A45431A-B367-41F6-B455-7612ABEA4613}.Debug|Any CPU.ActiveCfg = Debug|Any CPU
		{6A45431A-B367-41F6-B455-7612ABEA4613}.Debug|Any CPU.Build.0 = Debug|Any CPU
		{6A45431A-B367-41F6-B455-7612ABEA4613}.Release|Any CPU.ActiveCfg = Release|Any CPU
		{6A45431A-B367-41F6-B455-7612ABEA4613}.Release|Any CPU.Build.0 = Release|Any CPU
	EndGlobalSection
	GlobalSection(SolutionProperties) = preSolution
		HideSolutionNode = FALSE
	EndGlobalSection
	GlobalSection(ExtensibilityGlobals) = postSolution
		SolutionGuid = {F3818D45-ED79-4B16-AE03-4CF1BD2F3D0A}
	EndGlobalSection
EndGlobal
