
Microsoft Visual Studio Solution File, Format Version 12.00
# Visual Studio Version 17
VisualStudioVersion = 17.7.34202.233
MinimumVisualStudioVersion = 10.0.40219.1
Project("{FAE04EC0-301F-11D3-BF4B-00C04F79EFBC}") = "Proyecto2-Exploracion-Clear-Resize", "Proyecto2-Exploracion-Clear-Resize.csproj", "{C27796B5-F7D7-4A09-BFB6-F386AC02A4FF}"
EndProject
Global
	GlobalSection(SolutionConfigurationPlatforms) = preSolution
		Debug|Any CPU = Debug|Any CPU
		Release|Any CPU = Release|Any CPU
	EndGlobalSection
	GlobalSection(ProjectConfigurationPlatforms) = postSolution
		{C27796B5-F7D7-4A09-BFB6-F386AC02A4FF}.Debug|Any CPU.ActiveCfg = Debug|Any CPU
		{C27796B5-F7D7-4A09-BFB6-F386AC02A4FF}.Debug|Any CPU.Build.0 = Debug|Any CPU
		{C27796B5-F7D7-4A09-BFB6-F386AC02A4FF}.Release|Any CPU.ActiveCfg = Release|Any CPU
		{C27796B5-F7D7-4A09-BFB6-F386AC02A4FF}.Release|Any CPU.Build.0 = Release|Any CPU
	EndGlobalSection
	GlobalSection(SolutionProperties) = preSolution
		HideSolutionNode = FALSE
	EndGlobalSection
	GlobalSection(ExtensibilityGlobals) = postSolution
		SolutionGuid = {E7192E75-8B96-4D22-94D5-E083FBF9148C}
	EndGlobalSection
EndGlobal
