
Microsoft Visual Studio Solution File, Format Version 12.00
# Visual Studio Version 17
VisualStudioVersion = 17.7.34202.233
MinimumVisualStudioVersion = 10.0.40219.1
Project("{FAE04EC0-301F-11D3-BF4B-00C04F79EFBC}") = "Proyecto3", "Proyecto3.csproj", "{BD5C6B14-CAAA-438E-906C-F83F70631891}"
EndProject
Global
	GlobalSection(SolutionConfigurationPlatforms) = preSolution
		Debug|Any CPU = Debug|Any CPU
		Release|Any CPU = Release|Any CPU
	EndGlobalSection
	GlobalSection(ProjectConfigurationPlatforms) = postSolution
		{BD5C6B14-CAAA-438E-906C-F83F70631891}.Debug|Any CPU.ActiveCfg = Debug|Any CPU
		{BD5C6B14-CAAA-438E-906C-F83F70631891}.Debug|Any CPU.Build.0 = Debug|Any CPU
		{BD5C6B14-CAAA-438E-906C-F83F70631891}.Release|Any CPU.ActiveCfg = Release|Any CPU
		{BD5C6B14-CAAA-438E-906C-F83F70631891}.Release|Any CPU.Build.0 = Release|Any CPU
	EndGlobalSection
	GlobalSection(SolutionProperties) = preSolution
		HideSolutionNode = FALSE
	EndGlobalSection
	GlobalSection(ExtensibilityGlobals) = postSolution
		SolutionGuid = {EF0D6A20-AE87-45FE-A1FA-DE155356529F}
	EndGlobalSection
EndGlobal
