
Microsoft Visual Studio Solution File, Format Version 12.00
# Visual Studio Version 17
VisualStudioVersion = 17.7.34202.233
MinimumVisualStudioVersion = 10.0.40219.1
Project("{FAE04EC0-301F-11D3-BF4B-00C04F79EFBC}") = "Proyecto1-Try-Catch", "Proyecto1-Try-Catch.csproj", "{01039ED8-88CB-4220-8E40-5986E78A5114}"
EndProject
Global
	GlobalSection(SolutionConfigurationPlatforms) = preSolution
		Debug|Any CPU = Debug|Any CPU
		Release|Any CPU = Release|Any CPU
	EndGlobalSection
	GlobalSection(ProjectConfigurationPlatforms) = postSolution
		{01039ED8-88CB-4220-8E40-5986E78A5114}.Debug|Any CPU.ActiveCfg = Debug|Any CPU
		{01039ED8-88CB-4220-8E40-5986E78A5114}.Debug|Any CPU.Build.0 = Debug|Any CPU
		{01039ED8-88CB-4220-8E40-5986E78A5114}.Release|Any CPU.ActiveCfg = Release|Any CPU
		{01039ED8-88CB-4220-8E40-5986E78A5114}.Release|Any CPU.Build.0 = Release|Any CPU
	EndGlobalSection
	GlobalSection(SolutionProperties) = preSolution
		HideSolutionNode = FALSE
	EndGlobalSection
	GlobalSection(ExtensibilityGlobals) = postSolution
		SolutionGuid = {6898E7BE-38AC-4EBC-ABAA-91D6BFF34698}
	EndGlobalSection
EndGlobal
