
Microsoft Visual Studio Solution File, Format Version 12.00
# Visual Studio Version 17
VisualStudioVersion = 17.7.34202.233
MinimumVisualStudioVersion = 10.0.40219.1
Project("{FAE04EC0-301F-11D3-BF4B-00C04F79EFBC}") = "Proyecto1-Literales", "Proyecto1-Literales.csproj", "{69EC6B22-E12A-4DC0-A8E9-CBF3857E31E5}"
EndProject
Global
	GlobalSection(SolutionConfigurationPlatforms) = preSolution
		Debug|Any CPU = Debug|Any CPU
		Release|Any CPU = Release|Any CPU
	EndGlobalSection
	GlobalSection(ProjectConfigurationPlatforms) = postSolution
		{69EC6B22-E12A-4DC0-A8E9-CBF3857E31E5}.Debug|Any CPU.ActiveCfg = Debug|Any CPU
		{69EC6B22-E12A-4DC0-A8E9-CBF3857E31E5}.Debug|Any CPU.Build.0 = Debug|Any CPU
		{69EC6B22-E12A-4DC0-A8E9-CBF3857E31E5}.Release|Any CPU.ActiveCfg = Release|Any CPU
		{69EC6B22-E12A-4DC0-A8E9-CBF3857E31E5}.Release|Any CPU.Build.0 = Release|Any CPU
	EndGlobalSection
	GlobalSection(SolutionProperties) = preSolution
		HideSolutionNode = FALSE
	EndGlobalSection
	GlobalSection(ExtensibilityGlobals) = postSolution
		SolutionGuid = {80C770F1-2662-47F4-9DD0-2F184325E27E}
	EndGlobalSection
EndGlobal
