
Microsoft Visual Studio Solution File, Format Version 12.00
# Visual Studio Version 17
VisualStudioVersion = 17.7.34202.233
MinimumVisualStudioVersion = 10.0.40219.1
Project("{FAE04EC0-301F-11D3-BF4B-00C04F79EFBC}") = "Colecciones", "Colecciones.csproj", "{82F68663-DF66-4609-BBF1-578FD21536C0}"
EndProject
Global
	GlobalSection(SolutionConfigurationPlatforms) = preSolution
		Debug|Any CPU = Debug|Any CPU
		Release|Any CPU = Release|Any CPU
	EndGlobalSection
	GlobalSection(ProjectConfigurationPlatforms) = postSolution
		{82F68663-DF66-4609-BBF1-578FD21536C0}.Debug|Any CPU.ActiveCfg = Debug|Any CPU
		{82F68663-DF66-4609-BBF1-578FD21536C0}.Debug|Any CPU.Build.0 = Debug|Any CPU
		{82F68663-DF66-4609-BBF1-578FD21536C0}.Release|Any CPU.ActiveCfg = Release|Any CPU
		{82F68663-DF66-4609-BBF1-578FD21536C0}.Release|Any CPU.Build.0 = Release|Any CPU
	EndGlobalSection
	GlobalSection(SolutionProperties) = preSolution
		HideSolutionNode = FALSE
	EndGlobalSection
	GlobalSection(ExtensibilityGlobals) = postSolution
		SolutionGuid = {BF7B6437-B569-4634-B331-2F76C0DBB5CF}
	EndGlobalSection
EndGlobal
