
Microsoft Visual Studio Solution File, Format Version 12.00
# Visual Studio Version 17
VisualStudioVersion = 17.7.34202.233
MinimumVisualStudioVersion = 10.0.40219.1
Project("{FAE04EC0-301F-11D3-BF4B-00C04F79EFBC}") = "Proyecto1-Proyecto-Guiado-Contoso-Pets", "Proyecto1-Proyecto-Guiado-Contoso-Pets.csproj", "{A6DC25E5-60AB-4C8B-B9B7-CD3B425F17A4}"
EndProject
Global
	GlobalSection(SolutionConfigurationPlatforms) = preSolution
		Debug|Any CPU = Debug|Any CPU
		Release|Any CPU = Release|Any CPU
	EndGlobalSection
	GlobalSection(ProjectConfigurationPlatforms) = postSolution
		{A6DC25E5-60AB-4C8B-B9B7-CD3B425F17A4}.Debug|Any CPU.ActiveCfg = Debug|Any CPU
		{A6DC25E5-60AB-4C8B-B9B7-CD3B425F17A4}.Debug|Any CPU.Build.0 = Debug|Any CPU
		{A6DC25E5-60AB-4C8B-B9B7-CD3B425F17A4}.Release|Any CPU.ActiveCfg = Release|Any CPU
		{A6DC25E5-60AB-4C8B-B9B7-CD3B425F17A4}.Release|Any CPU.Build.0 = Release|Any CPU
	EndGlobalSection
	GlobalSection(SolutionProperties) = preSolution
		HideSolutionNode = FALSE
	EndGlobalSection
	GlobalSection(ExtensibilityGlobals) = postSolution
		SolutionGuid = {3D309335-348F-40F6-BB04-D3A2D3B07ED7}
	EndGlobalSection
EndGlobal
